{
  "name": "week-10",
  "lockfileVersion": 3,
  "requires": true,
  "packages": {
    "": {
      "dependencies": {
        "colormap": "^2.3.2",
        "react-icons": "^5.5.0"
      }
    },
    "node_modules/colormap": {
      "version": "2.3.2",
      "resolved": "https://registry.npmjs.org/colormap/-/colormap-2.3.2.tgz",
      "integrity": "sha512-jDOjaoEEmA9AgA11B/jCSAvYE95r3wRoAyTf3LEHGiUVlNHJaL1mRkf5AyLSpQBVGfTEPwGEqCIzL+kgr2WgNA==",
      "license": "MIT",
      "dependencies": {
        "lerp": "^1.0.3"
      }
    },
    "node_modules/lerp": {
      "version": "1.0.3",
      "resolved": "https://registry.npmjs.org/lerp/-/lerp-1.0.3.tgz",
      "integrity": "sha512-70Rh4rCkJDvwWiTsyZ1HmJGvnyfFah4m6iTux29XmasRiZPDBpT9Cfa4ai73+uLZxnlKruUS62jj2lb11wURiA==",
      "license": "MIT"
    },
    "node_modules/react": {
      "version": "19.0.0",
      "resolved": "https://registry.npmjs.org/react/-/react-19.0.0.tgz",
      "integrity": "sha512-V8AVnmPIICiWpGfm6GLzCR/W5FXLchHop40W4nXBmdlEceh16rCN8O8LNWm5bh5XUX91fh7KpA+W0TgMKmgTpQ==",
      "license": "MIT",
      "peer": true,
      "engines": {
        "node": ">=0.10.0"
      }
    },
    "node_modules/react-icons": {
      "version": "5.5.0",
      "resolved": "https://registry.npmjs.org/react-icons/-/react-icons-5.5.0.tgz",
      "integrity": "sha512-MEFcXdkP3dLo8uumGI5xN3lDFNsRtrjbOEKDLD7yv76v4wpnEq2Lt2qeHaQOr34I/wPN3s3+N08WkQ+CW37Xiw==",
      "license": "MIT",
      "peerDependencies": {
        "react": "*"
      }
    }
  }
}
